// !$*UTF8*$!
{
	archiveVersion = 1;
	classes = {
	};
	objectVersion = 46;
	objects = {

/* Begin PBXBuildFile section */
		9AF2EB531CAB8BF7008874D5 /* main.cpp in Sources */ = {isa = PBXBuildFile; fileRef = 9AF2EB521CAB8BF7008874D5 /* main.cpp */; };
		9AF2EB611CAB9237008874D5 /* aecm_core_c.c in Sources */ = {isa = PBXBuildFile; fileRef = 9AF2EB5C1CAB9237008874D5 /* aecm_core_c.c */; settings = {ASSET_TAGS = (); }; };
		9AF2EB641CAB9237008874D5 /* aecm_core.c in Sources */ = {isa = PBXBuildFile; fileRef = 9AF2EB5F1CAB9237008874D5 /* aecm_core.c */; settings = {ASSET_TAGS = (); }; };
		9AF2EB651CAB9237008874D5 /* echo_control_mobile.c in Sources */ = {isa = PBXBuildFile; fileRef = 9AF2EB601CAB9237008874D5 /* echo_control_mobile.c */; settings = {ASSET_TAGS = (); }; };
		9AF2EB6B1CAB9301008874D5 /* delay_estimator_wrapper.c in Sources */ = {isa = PBXBuildFile; fileRef = 9AF2EB691CAB9301008874D5 /* delay_estimator_wrapper.c */; settings = {ASSET_TAGS = (); }; };
		9AF2EB6C1CAB9301008874D5 /* delay_estimator.c in Sources */ = {isa = PBXBuildFile; fileRef = 9AF2EB6A1CAB9301008874D5 /* delay_estimator.c */; settings = {ASSET_TAGS = (); }; };
		9AF2EB701CAB9352008874D5 /* ring_buffer.c in Sources */ = {isa = PBXBuildFile; fileRef = 9AF2EB6F1CAB9352008874D5 /* ring_buffer.c */; settings = {ASSET_TAGS = (); }; };
		9AF2EB731CAB93D5008874D5 /* real_fft.c in Sources */ = {isa = PBXBuildFile; fileRef = 9AF2EB721CAB93D5008874D5 /* real_fft.c */; settings = {ASSET_TAGS = (); }; };
		9AF2EB761CAB95C4008874D5 /* complex_bit_reverse.c in Sources */ = {isa = PBXBuildFile; fileRef = 9AF2EB751CAB95C4008874D5 /* complex_bit_reverse.c */; settings = {ASSET_TAGS = (); }; };
		9AF2EB791CAB970B008874D5 /* spl_init.c in Sources */ = {isa = PBXBuildFile; fileRef = 9AF2EB781CAB970B008874D5 /* spl_init.c */; settings = {ASSET_TAGS = (); }; };
		9AF2EB7C1CAB99BD008874D5 /* min_max_operations.c in Sources */ = {isa = PBXBuildFile; fileRef = 9AF2EB7B1CAB99BD008874D5 /* min_max_operations.c */; settings = {ASSET_TAGS = (); }; };
		9AF2EB7E1CAB9A1B008874D5 /* copy_set_operations.c in Sources */ = {isa = PBXBuildFile; fileRef = 9AF2EB7D1CAB9A1B008874D5 /* copy_set_operations.c */; settings = {ASSET_TAGS = (); }; };
		9AF2EB811CAB9AC3008874D5 /* complex_fft.c in Sources */ = {isa = PBXBuildFile; fileRef = 9AF2EB801CAB9AC3008874D5 /* complex_fft.c */; settings = {ASSET_TAGS = (); }; };
		9AF2EB841CAB9B60008874D5 /* division_operations.c in Sources */ = {isa = PBXBuildFile; fileRef = 9AF2EB831CAB9B60008874D5 /* division_operations.c */; settings = {ASSET_TAGS = (); }; };
		9AF2EB861CAB9BA9008874D5 /* randomization_functions.c in Sources */ = {isa = PBXBuildFile; fileRef = 9AF2EB851CAB9BA9008874D5 /* randomization_functions.c */; settings = {ASSET_TAGS = (); }; };
		9AF2EB881CAB9BEA008874D5 /* spl_sqrt_floor.c in Sources */ = {isa = PBXBuildFile; fileRef = 9AF2EB871CAB9BEA008874D5 /* spl_sqrt_floor.c */; settings = {ASSET_TAGS = (); }; };
		9AF2EB8C1CAB9D31008874D5 /* WaveIO.cpp in Sources */ = {isa = PBXBuildFile; fileRef = 9AF2EB8B1CAB9D31008874D5 /* WaveIO.cpp */; settings = {ASSET_TAGS = (); }; };
/* End PBXBuildFile section */

/* Begin PBXCopyFilesBuildPhase section */
		9AF2EB4D1CAB8BF7008874D5 /* CopyFiles */ = {
			isa = PBXCopyFilesBuildPhase;
			buildActionMask = 2147483647;
			dstPath = /usr/share/man/man1/;
			dstSubfolderSpec = 0;
			files = (
			);
			runOnlyForDeploymentPostprocessing = 1;
		};
/* End PBXCopyFilesBuildPhase section */

/* Begin PBXFileReference section */
		9AF2EB4F1CAB8BF7008874D5 /* aecmtest_webrtc */ = {isa = PBXFileReference; explicitFileType = "compiled.mach-o.executable"; includeInIndex = 0; path = aecmtest_webrtc; sourceTree = BUILT_PRODUCTS_DIR; };
		9AF2EB521CAB8BF7008874D5 /* main.cpp */ = {isa = PBXFileReference; lastKnownFileType = sourcecode.cpp.cpp; path = main.cpp; sourceTree = "<group>"; };
		9AF2EB591CAB9237008874D5 /* aecm_core.h */ = {isa = PBXFileReference; fileEncoding = 4; lastKnownFileType = sourcecode.c.h; path = aecm_core.h; sourceTree = "<group>"; };
		9AF2EB5A1CAB9237008874D5 /* aecm_defines.h */ = {isa = PBXFileReference; fileEncoding = 4; lastKnownFileType = sourcecode.c.h; path = aecm_defines.h; sourceTree = "<group>"; };
		9AF2EB5B1CAB9237008874D5 /* echo_control_mobile.h */ = {isa = PBXFileReference; fileEncoding = 4; lastKnownFileType = sourcecode.c.h; path = echo_control_mobile.h; sourceTree = "<group>"; };
		9AF2EB5C1CAB9237008874D5 /* aecm_core_c.c */ = {isa = PBXFileReference; fileEncoding = 4; lastKnownFileType = sourcecode.c.c; path = aecm_core_c.c; sourceTree = "<group>"; };
		9AF2EB5F1CAB9237008874D5 /* aecm_core.c */ = {isa = PBXFileReference; fileEncoding = 4; lastKnownFileType = sourcecode.c.c; path = aecm_core.c; sourceTree = "<group>"; };
		9AF2EB601CAB9237008874D5 /* echo_control_mobile.c */ = {isa = PBXFileReference; fileEncoding = 4; lastKnownFileType = sourcecode.c.c; path = echo_control_mobile.c; sourceTree = "<group>"; };
		9AF2EB661CAB9301008874D5 /* delay_estimator_internal.h */ = {isa = PBXFileReference; fileEncoding = 4; lastKnownFileType = sourcecode.c.h; path = delay_estimator_internal.h; sourceTree = "<group>"; };
		9AF2EB671CAB9301008874D5 /* delay_estimator_wrapper.h */ = {isa = PBXFileReference; fileEncoding = 4; lastKnownFileType = sourcecode.c.h; path = delay_estimator_wrapper.h; sourceTree = "<group>"; };
		9AF2EB681CAB9301008874D5 /* delay_estimator.h */ = {isa = PBXFileReference; fileEncoding = 4; lastKnownFileType = sourcecode.c.h; path = delay_estimator.h; sourceTree = "<group>"; };
		9AF2EB691CAB9301008874D5 /* delay_estimator_wrapper.c */ = {isa = PBXFileReference; fileEncoding = 4; lastKnownFileType = sourcecode.c.c; path = delay_estimator_wrapper.c; sourceTree = "<group>"; };
		9AF2EB6A1CAB9301008874D5 /* delay_estimator.c */ = {isa = PBXFileReference; fileEncoding = 4; lastKnownFileType = sourcecode.c.c; path = delay_estimator.c; sourceTree = "<group>"; };
		9AF2EB6D1CAB932E008874D5 /* typedefs.h */ = {isa = PBXFileReference; fileEncoding = 4; lastKnownFileType = sourcecode.c.h; path = typedefs.h; sourceTree = "<group>"; };
		9AF2EB6E1CAB9352008874D5 /* ring_buffer.h */ = {isa = PBXFileReference; fileEncoding = 4; lastKnownFileType = sourcecode.c.h; path = ring_buffer.h; sourceTree = "<group>"; };
		9AF2EB6F1CAB9352008874D5 /* ring_buffer.c */ = {isa = PBXFileReference; fileEncoding = 4; lastKnownFileType = sourcecode.c.c; path = ring_buffer.c; sourceTree = "<group>"; };
		9AF2EB711CAB93CE008874D5 /* real_fft.h */ = {isa = PBXFileReference; lastKnownFileType = sourcecode.c.h; path = real_fft.h; sourceTree = "<group>"; };
		9AF2EB721CAB93D5008874D5 /* real_fft.c */ = {isa = PBXFileReference; fileEncoding = 4; lastKnownFileType = sourcecode.c.c; path = real_fft.c; sourceTree = "<group>"; };
		9AF2EB751CAB95C4008874D5 /* complex_bit_reverse.c */ = {isa = PBXFileReference; fileEncoding = 4; lastKnownFileType = sourcecode.c.c; path = complex_bit_reverse.c; sourceTree = "<group>"; };
		9AF2EB771CAB9622008874D5 /* signal_processing_library.h */ = {isa = PBXFileReference; lastKnownFileType = sourcecode.c.h; path = signal_processing_library.h; sourceTree = "<group>"; };
		9AF2EB781CAB970B008874D5 /* spl_init.c */ = {isa = PBXFileReference; fileEncoding = 4; lastKnownFileType = sourcecode.c.c; path = spl_init.c; sourceTree = "<group>"; };
		9AF2EB7A1CAB987D008874D5 /* PrefixHeader.pch */ = {isa = PBXFileReference; fileEncoding = 4; lastKnownFileType = sourcecode.c.h; path = PrefixHeader.pch; sourceTree = "<group>"; };
		9AF2EB7B1CAB99BD008874D5 /* min_max_operations.c */ = {isa = PBXFileReference; fileEncoding = 4; lastKnownFileType = sourcecode.c.c; path = min_max_operations.c; sourceTree = "<group>"; };
		9AF2EB7D1CAB9A1B008874D5 /* copy_set_operations.c */ = {isa = PBXFileReference; fileEncoding = 4; lastKnownFileType = sourcecode.c.c; path = copy_set_operations.c; sourceTree = "<group>"; };
		9AF2EB7F1CAB9A8B008874D5 /* spl_inl.h */ = {isa = PBXFileReference; lastKnownFileType = sourcecode.c.h; path = spl_inl.h; sourceTree = "<group>"; };
		9AF2EB801CAB9AC3008874D5 /* complex_fft.c */ = {isa = PBXFileReference; fileEncoding = 4; lastKnownFileType = sourcecode.c.c; path = complex_fft.c; sourceTree = "<group>"; };
		9AF2EB821CAB9ADB008874D5 /* complex_fft_tables.h */ = {isa = PBXFileReference; lastKnownFileType = sourcecode.c.h; path = complex_fft_tables.h; sourceTree = "<group>"; };
		9AF2EB831CAB9B60008874D5 /* division_operations.c */ = {isa = PBXFileReference; fileEncoding = 4; lastKnownFileType = sourcecode.c.c; path = division_operations.c; sourceTree = "<group>"; };
		9AF2EB851CAB9BA9008874D5 /* randomization_functions.c */ = {isa = PBXFileReference; fileEncoding = 4; lastKnownFileType = sourcecode.c.c; path = randomization_functions.c; sourceTree = "<group>"; };
		9AF2EB871CAB9BEA008874D5 /* spl_sqrt_floor.c */ = {isa = PBXFileReference; fileEncoding = 4; lastKnownFileType = sourcecode.c.c; path = spl_sqrt_floor.c; sourceTree = "<group>"; };
		9AF2EB8A1CAB9D31008874D5 /* WaveIO.h */ = {isa = PBXFileReference; fileEncoding = 4; lastKnownFileType = sourcecode.c.h; path = WaveIO.h; sourceTree = "<group>"; };
		9AF2EB8B1CAB9D31008874D5 /* WaveIO.cpp */ = {isa = PBXFileReference; fileEncoding = 4; lastKnownFileType = sourcecode.cpp.cpp; path = WaveIO.cpp; sourceTree = "<group>"; };
/* End PBXFileReference section */

/* Begin PBXFrameworksBuildPhase section */
		9AF2EB4C1CAB8BF7008874D5 /* Frameworks */ = {
			isa = PBXFrameworksBuildPhase;
			buildActionMask = 2147483647;
			files = (
			);
			runOnlyForDeploymentPostprocessing = 0;
		};
/* End PBXFrameworksBuildPhase section */

/* Begin PBXGroup section */
		9AF2EB461CAB8BF7008874D5 = {
			isa = PBXGroup;
			children = (
				9AF2EB511CAB8BF7008874D5 /* aecmtest_webrtc */,
				9AF2EB501CAB8BF7008874D5 /* Products */,
			);
			sourceTree = "<group>";
		};
		9AF2EB501CAB8BF7008874D5 /* Products */ = {
			isa = PBXGroup;
			children = (
				9AF2EB4F1CAB8BF7008874D5 /* aecmtest_webrtc */,
			);
			name = Products;
			sourceTree = "<group>";
		};
		9AF2EB511CAB8BF7008874D5 /* aecmtest_webrtc */ = {
			isa = PBXGroup;
			children = (
				9AF2EB8A1CAB9D31008874D5 /* WaveIO.h */,
				9AF2EB8B1CAB9D31008874D5 /* WaveIO.cpp */,
				9AF2EB891CAB9BFD008874D5 /* libdep */,
				9AF2EB661CAB9301008874D5 /* delay_estimator_internal.h */,
				9AF2EB671CAB9301008874D5 /* delay_estimator_wrapper.h */,
				9AF2EB681CAB9301008874D5 /* delay_estimator.h */,
				9AF2EB691CAB9301008874D5 /* delay_estimator_wrapper.c */,
				9AF2EB6A1CAB9301008874D5 /* delay_estimator.c */,
				9AF2EB591CAB9237008874D5 /* aecm_core.h */,
				9AF2EB5A1CAB9237008874D5 /* aecm_defines.h */,
				9AF2EB5B1CAB9237008874D5 /* echo_control_mobile.h */,
				9AF2EB5C1CAB9237008874D5 /* aecm_core_c.c */,
				9AF2EB5F1CAB9237008874D5 /* aecm_core.c */,
				9AF2EB601CAB9237008874D5 /* echo_control_mobile.c */,
				9AF2EB521CAB8BF7008874D5 /* main.cpp */,
				9AF2EB7A1CAB987D008874D5 /* PrefixHeader.pch */,
			);
			path = aecmtest_webrtc;
			sourceTree = "<group>";
		};
		9AF2EB891CAB9BFD008874D5 /* libdep */ = {
			isa = PBXGroup;
			children = (
				9AF2EB871CAB9BEA008874D5 /* spl_sqrt_floor.c */,
				9AF2EB851CAB9BA9008874D5 /* randomization_functions.c */,
				9AF2EB831CAB9B60008874D5 /* division_operations.c */,
				9AF2EB821CAB9ADB008874D5 /* complex_fft_tables.h */,
				9AF2EB801CAB9AC3008874D5 /* complex_fft.c */,
				9AF2EB7F1CAB9A8B008874D5 /* spl_inl.h */,
				9AF2EB7D1CAB9A1B008874D5 /* copy_set_operations.c */,
				9AF2EB7B1CAB99BD008874D5 /* min_max_operations.c */,
				9AF2EB781CAB970B008874D5 /* spl_init.c */,
				9AF2EB771CAB9622008874D5 /* signal_processing_library.h */,
				9AF2EB751CAB95C4008874D5 /* complex_bit_reverse.c */,
				9AF2EB721CAB93D5008874D5 /* real_fft.c */,
				9AF2EB711CAB93CE008874D5 /* real_fft.h */,
				9AF2EB6E1CAB9352008874D5 /* ring_buffer.h */,
				9AF2EB6F1CAB9352008874D5 /* ring_buffer.c */,
				9AF2EB6D1CAB932E008874D5 /* typedefs.h */,
			);
			name = libdep;
			sourceTree = "<group>";
		};
/* End PBXGroup section */

/* Begin PBXNativeTarget section */
		9AF2EB4E1CAB8BF7008874D5 /* aecmtest_webrtc */ = {
			isa = PBXNativeTarget;
			buildConfigurationList = 9AF2EB561CAB8BF7008874D5 /* Build configuration list for PBXNativeTarget "aecmtest_webrtc" */;
			buildPhases = (
				9AF2EB4B1CAB8BF7008874D5 /* Sources */,
				9AF2EB4C1CAB8BF7008874D5 /* Frameworks */,
				9AF2EB4D1CAB8BF7008874D5 /* CopyFiles */,
			);
			buildRules = (
			);
			dependencies = (
			);
			name = aecmtest_webrtc;
			productName = aecmtest_webrtc;
			productReference = 9AF2EB4F1CAB8BF7008874D5 /* aecmtest_webrtc */;
			productType = "com.apple.product-type.tool";
		};
/* End PBXNativeTarget section */

/* Begin PBXProject section */
		9AF2EB471CAB8BF7008874D5 /* Project object */ = {
			isa = PBXProject;
			attributes = {
				LastUpgradeCheck = 0700;
				ORGANIZATIONNAME = 1;
				TargetAttributes = {
					9AF2EB4E1CAB8BF7008874D5 = {
						CreatedOnToolsVersion = 7.0;
					};
				};
			};
			buildConfigurationList = 9AF2EB4A1CAB8BF7008874D5 /* Build configuration list for PBXProject "aecmtest_webrtc" */;
			compatibilityVersion = "Xcode 3.2";
			developmentRegion = English;
			hasScannedForEncodings = 0;
			knownRegions = (
				en,
			);
			mainGroup = 9AF2EB461CAB8BF7008874D5;
			productRefGroup = 9AF2EB501CAB8BF7008874D5 /* Products */;
			projectDirPath = "";
			projectRoot = "";
			targets = (
				9AF2EB4E1CAB8BF7008874D5 /* aecmtest_webrtc */,
			);
		};
/* End PBXProject section */

/* Begin PBXSourcesBuildPhase section */
		9AF2EB4B1CAB8BF7008874D5 /* Sources */ = {
			isa = PBXSourcesBuildPhase;
			buildActionMask = 2147483647;
			files = (
				9AF2EB651CAB9237008874D5 /* echo_control_mobile.c in Sources */,
				9AF2EB861CAB9BA9008874D5 /* randomization_functions.c in Sources */,
				9AF2EB611CAB9237008874D5 /* aecm_core_c.c in Sources */,
				9AF2EB761CAB95C4008874D5 /* complex_bit_reverse.c in Sources */,
				9AF2EB641CAB9237008874D5 /* aecm_core.c in Sources */,
				9AF2EB841CAB9B60008874D5 /* division_operations.c in Sources */,
				9AF2EB531CAB8BF7008874D5 /* main.cpp in Sources */,
				9AF2EB6C1CAB9301008874D5 /* delay_estimator.c in Sources */,
				9AF2EB701CAB9352008874D5 /* ring_buffer.c in Sources */,
				9AF2EB7E1CAB9A1B008874D5 /* copy_set_operations.c in Sources */,
				9AF2EB881CAB9BEA008874D5 /* spl_sqrt_floor.c in Sources */,
				9AF2EB811CAB9AC3008874D5 /* complex_fft.c in Sources */,
				9AF2EB731CAB93D5008874D5 /* real_fft.c in Sources */,
				9AF2EB7C1CAB99BD008874D5 /* min_max_operations.c in Sources */,
				9AF2EB6B1CAB9301008874D5 /* delay_estimator_wrapper.c in Sources */,
				9AF2EB8C1CAB9D31008874D5 /* WaveIO.cpp in Sources */,
				9AF2EB791CAB970B008874D5 /* spl_init.c in Sources */,
			);
			runOnlyForDeploymentPostprocessing = 0;
		};
/* End PBXSourcesBuildPhase section */

/* Begin XCBuildConfiguration section */
		9AF2EB541CAB8BF7008874D5 /* Debug */ = {
			isa = XCBuildConfiguration;
			buildSettings = {
				ALWAYS_SEARCH_USER_PATHS = NO;
				CLANG_CXX_LANGUAGE_STANDARD = "gnu++0x";
				CLANG_CXX_LIBRARY = "libc++";
				CLANG_ENABLE_MODULES = YES;
				CLANG_ENABLE_OBJC_ARC = YES;
				CLANG_WARN_BOOL_CONVERSION = YES;
				CLANG_WARN_CONSTANT_CONVERSION = YES;
				CLANG_WARN_DIRECT_OBJC_ISA_USAGE = YES_ERROR;
				CLANG_WARN_EMPTY_BODY = YES;
				CLANG_WARN_ENUM_CONVERSION = YES;
				CLANG_WARN_INT_CONVERSION = YES;
				CLANG_WARN_OBJC_ROOT_CLASS = YES_ERROR;
				CLANG_WARN_UNREACHABLE_CODE = YES;
				CLANG_WARN__DUPLICATE_METHOD_MATCH = YES;
				COPY_PHASE_STRIP = NO;
				DEBUG_INFORMATION_FORMAT = dwarf;
				ENABLE_STRICT_OBJC_MSGSEND = YES;
				ENABLE_TESTABILITY = YES;
				GCC_C_LANGUAGE_STANDARD = gnu99;
				GCC_DYNAMIC_NO_PIC = NO;
				GCC_NO_COMMON_BLOCKS = YES;
				GCC_OPTIMIZATION_LEVEL = 0;
				GCC_PREPROCESSOR_DEFINITIONS = (
					"DEBUG=1",
					"$(inherited)",
				);
				GCC_WARN_64_TO_32_BIT_CONVERSION = YES;
				GCC_WARN_ABOUT_RETURN_TYPE = YES_ERROR;
				GCC_WARN_UNDECLARED_SELECTOR = YES;
				GCC_WARN_UNINITIALIZED_AUTOS = YES_AGGRESSIVE;
				GCC_WARN_UNUSED_FUNCTION = YES;
				GCC_WARN_UNUSED_VARIABLE = YES;
				MACOSX_DEPLOYMENT_TARGET = 10.10;
				MTL_ENABLE_DEBUG_INFO = YES;
				ONLY_ACTIVE_ARCH = YES;
				SDKROOT = macosx;
			};
			name = Debug;
		};
		9AF2EB551CAB8BF7008874D5 /* Release */ = {
			isa = XCBuildConfiguration;
			buildSettings = {
				ALWAYS_SEARCH_USER_PATHS = NO;
				CLANG_CXX_LANGUAGE_STANDARD = "gnu++0x";
				CLANG_CXX_LIBRARY = "libc++";
				CLANG_ENABLE_MODULES = YES;
				CLANG_ENABLE_OBJC_ARC = YES;
				CLANG_WARN_BOOL_CONVERSION = YES;
				CLANG_WARN_CONSTANT_CONVERSION = YES;
				CLANG_WARN_DIRECT_OBJC_ISA_USAGE = YES_ERROR;
				CLANG_WARN_EMPTY_BODY = YES;
				CLANG_WARN_ENUM_CONVERSION = YES;
				CLANG_WARN_INT_CONVERSION = YES;
				CLANG_WARN_OBJC_ROOT_CLASS = YES_ERROR;
				CLANG_WARN_UNREACHABLE_CODE = YES;
				CLANG_WARN__DUPLICATE_METHOD_MATCH = YES;
				COPY_PHASE_STRIP = NO;
				DEBUG_INFORMATION_FORMAT = "dwarf-with-dsym";
				ENABLE_NS_ASSERTIONS = NO;
				ENABLE_STRICT_OBJC_MSGSEND = YES;
				GCC_C_LANGUAGE_STANDARD = gnu99;
				GCC_NO_COMMON_BLOCKS = YES;
				GCC_WARN_64_TO_32_BIT_CONVERSION = YES;
				GCC_WARN_ABOUT_RETURN_TYPE = YES_ERROR;
				GCC_WARN_UNDECLARED_SELECTOR = YES;
				GCC_WARN_UNINITIALIZED_AUTOS = YES_AGGRESSIVE;
				GCC_WARN_UNUSED_FUNCTION = YES;
				GCC_WARN_UNUSED_VARIABLE = YES;
				MACOSX_DEPLOYMENT_TARGET = 10.10;
				MTL_ENABLE_DEBUG_INFO = NO;
				SDKROOT = macosx;
			};
			name = Release;
		};
		9AF2EB571CAB8BF7008874D5 /* Debug */ = {
			isa = XCBuildConfiguration;
			buildSettings = {
				GCC_PREFIX_HEADER = aecmtest_webrtc/PrefixHeader.pch;
				PRODUCT_NAME = "$(TARGET_NAME)";
			};
			name = Debug;
		};
		9AF2EB581CAB8BF7008874D5 /* Release */ = {
			isa = XCBuildConfiguration;
			buildSettings = {
				GCC_PREFIX_HEADER = aecmtest_webrtc/PrefixHeader.pch;
				PRODUCT_NAME = "$(TARGET_NAME)";
			};
			name = Release;
		};
/* End XCBuildConfiguration section */

/* Begin XCConfigurationList section */
		9AF2EB4A1CAB8BF7008874D5 /* Build configuration list for PBXProject "aecmtest_webrtc" */ = {
			isa = XCConfigurationList;
			buildConfigurations = (
				9AF2EB541CAB8BF7008874D5 /* Debug */,
				9AF2EB551CAB8BF7008874D5 /* Release */,
			);
			defaultConfigurationIsVisible = 0;
			defaultConfigurationName = Release;
		};
		9AF2EB561CAB8BF7008874D5 /* Build configuration list for PBXNativeTarget "aecmtest_webrtc" */ = {
			isa = XCConfigurationList;
			buildConfigurations = (
				9AF2EB571CAB8BF7008874D5 /* Debug */,
				9AF2EB581CAB8BF7008874D5 /* Release */,
			);
			defaultConfigurationIsVisible = 0;
		};
/* End XCConfigurationList section */
	};
	rootObject = 9AF2EB471CAB8BF7008874D5 /* Project object */;
}
